
Microsoft Visual Studio Solution File, Format Version 12.00
# Visual Studio Version 16
VisualStudioVersion = 16.0.33027.164
MinimumVisualStudioVersion = 10.0.40219.1
Project("{FAE04EC0-301F-11D3-BF4B-00C04F79EFBC}") = "TerminalWpf", "TerminalWpf\TerminalWpf.csproj", "{62077D97-6AC2-4E34-AFD1-72F5066C81D1}"
EndProject
Global
	GlobalSection(SolutionConfigurationPlatforms) = preSolution
		Debug|Any CPU = Debug|Any CPU
		Release|Any CPU = Release|Any CPU
	EndGlobalSection
	GlobalSection(ProjectConfigurationPlatforms) = postSolution
		{62077D97-6AC2-4E34-AFD1-72F5066C81D1}.Debug|Any CPU.ActiveCfg = Debug|Any CPU
		{62077D97-6AC2-4E34-AFD1-72F5066C81D1}.Debug|Any CPU.Build.0 = Debug|Any CPU
		{62077D97-6AC2-4E34-AFD1-72F5066C81D1}.Release|Any CPU.ActiveCfg = Release|Any CPU
		{62077D97-6AC2-4E34-AFD1-72F5066C81D1}.Release|Any CPU.Build.0 = Release|Any CPU
	EndGlobalSection
	GlobalSection(SolutionProperties) = preSolution
		HideSolutionNode = FALSE
	EndGlobalSection
	GlobalSection(ExtensibilityGlobals) = postSolution
		SolutionGuid = {D359638C-88DC-4BE7-ADF3-8D568CF86449}
	EndGlobalSection
EndGlobal
